
Microsoft Visual Studio Solution File, Format Version 12.00
# Visual Studio 15
VisualStudioVersion = 15.0.28010.2048
MinimumVisualStudioVersion = 10.0.40219.1
Project("{FAE04EC0-301F-11D3-BF4B-00C04F79EFBC}") = "Vehicles.WebApi", "Vehicles.WebApi\Vehicles.WebApi.csproj", "{684BF8D9-97A7-4876-B0CA-0B836DD6C1FC}"
EndProject
Global
	GlobalSection(SolutionConfigurationPlatforms) = preSolution
		Debug|Any CPU = Debug|Any CPU
		Release|Any CPU = Release|Any CPU
	EndGlobalSection
	GlobalSection(ProjectConfigurationPlatforms) = postSolution
		{684BF8D9-97A7-4876-B0CA-0B836DD6C1FC}.Debug|Any CPU.ActiveCfg = Debug|Any CPU
		{684BF8D9-97A7-4876-B0CA-0B836DD6C1FC}.Debug|Any CPU.Build.0 = Debug|Any CPU
		{684BF8D9-97A7-4876-B0CA-0B836DD6C1FC}.Release|Any CPU.ActiveCfg = Release|Any CPU
		{684BF8D9-97A7-4876-B0CA-0B836DD6C1FC}.Release|Any CPU.Build.0 = Release|Any CPU
	EndGlobalSection
	GlobalSection(SolutionProperties) = preSolution
		HideSolutionNode = FALSE
	EndGlobalSection
	GlobalSection(ExtensibilityGlobals) = postSolution
		SolutionGuid = {4DA24ADE-B3FE-4FDE-8B58-084F20915270}
	EndGlobalSection
EndGlobal
