
Microsoft Visual Studio Solution File, Format Version 12.00
# Visual Studio 15
VisualStudioVersion = 15.0.28010.2048
MinimumVisualStudioVersion = 10.0.40219.1
Project("{9A19103F-16F7-4668-BE54-9A1E7A4F7556}") = "Vehicles.WebApi", "Vehicles.WebApi\Vehicles.WebApi.csproj", "{684BF8D9-97A7-4876-B0CA-0B836DD6C1FC}"
EndProject
Project("{9A19103F-16F7-4668-BE54-9A1E7A4F7556}") = "Vehicles.Cqrs", "Vehicles.Cqrs\Vehicles.Cqrs.csproj", "{FB52BC2C-4CD8-4D0E-8067-3C24FF8DD638}"
EndProject
Project("{9A19103F-16F7-4668-BE54-9A1E7A4F7556}") = "Vehicles.Data", "Vehicles.Data\Vehicles.Data.csproj", "{1891CCFF-6C44-4749-8B80-6E6A775724D6}"
EndProject
Project("{FAE04EC0-301F-11D3-BF4B-00C04F79EFBC}") = "Vehicles.Core", "Vehicles.Core\Vehicles.Core.csproj", "{B30B4C7B-14AB-491C-B030-F9A05BF46446}"
EndProject
Global
	GlobalSection(SolutionConfigurationPlatforms) = preSolution
		Debug|Any CPU = Debug|Any CPU
		Release|Any CPU = Release|Any CPU
	EndGlobalSection
	GlobalSection(ProjectConfigurationPlatforms) = postSolution
		{684BF8D9-97A7-4876-B0CA-0B836DD6C1FC}.Debug|Any CPU.ActiveCfg = Debug|Any CPU
		{684BF8D9-97A7-4876-B0CA-0B836DD6C1FC}.Debug|Any CPU.Build.0 = Debug|Any CPU
		{684BF8D9-97A7-4876-B0CA-0B836DD6C1FC}.Release|Any CPU.ActiveCfg = Release|Any CPU
		{684BF8D9-97A7-4876-B0CA-0B836DD6C1FC}.Release|Any CPU.Build.0 = Release|Any CPU
		{FB52BC2C-4CD8-4D0E-8067-3C24FF8DD638}.Debug|Any CPU.ActiveCfg = Debug|Any CPU
		{FB52BC2C-4CD8-4D0E-8067-3C24FF8DD638}.Debug|Any CPU.Build.0 = Debug|Any CPU
		{FB52BC2C-4CD8-4D0E-8067-3C24FF8DD638}.Release|Any CPU.ActiveCfg = Release|Any CPU
		{FB52BC2C-4CD8-4D0E-8067-3C24FF8DD638}.Release|Any CPU.Build.0 = Release|Any CPU
		{1891CCFF-6C44-4749-8B80-6E6A775724D6}.Debug|Any CPU.ActiveCfg = Debug|Any CPU
		{1891CCFF-6C44-4749-8B80-6E6A775724D6}.Debug|Any CPU.Build.0 = Debug|Any CPU
		{1891CCFF-6C44-4749-8B80-6E6A775724D6}.Release|Any CPU.ActiveCfg = Release|Any CPU
		{1891CCFF-6C44-4749-8B80-6E6A775724D6}.Release|Any CPU.Build.0 = Release|Any CPU
		{B30B4C7B-14AB-491C-B030-F9A05BF46446}.Debug|Any CPU.ActiveCfg = Debug|Any CPU
		{B30B4C7B-14AB-491C-B030-F9A05BF46446}.Debug|Any CPU.Build.0 = Debug|Any CPU
		{B30B4C7B-14AB-491C-B030-F9A05BF46446}.Release|Any CPU.ActiveCfg = Release|Any CPU
		{B30B4C7B-14AB-491C-B030-F9A05BF46446}.Release|Any CPU.Build.0 = Release|Any CPU
	EndGlobalSection
	GlobalSection(SolutionProperties) = preSolution
		HideSolutionNode = FALSE
	EndGlobalSection
	GlobalSection(ExtensibilityGlobals) = postSolution
		SolutionGuid = {4DA24ADE-B3FE-4FDE-8B58-084F20915270}
	EndGlobalSection
EndGlobal
